<?xml version="1.0" encoding="UTF-8" standalone="yes" ?>
<CodeBlocks_project_file>
	<FileVersion major="1" minor="6" />
	<Project>
		<Option title="tp" />
		<Option pch_mode="2" />
		<Option compiler="gcc" />
		<Build>
			<Target title="Debug">
				<Option output="bin\Debug\tp" prefix_auto="1" extension_auto="1" />
				<Option object_output="obj\Debug\" />
				<Option type="1" />
				<Option compiler="gcc" />
				<Compiler>
					<Add option="-g" />
				</Compiler>
			</Target>
			<Target title="Release">
				<Option output="bin\Release\tp" prefix_auto="1" extension_auto="1" />
				<Option object_output="obj\Release\" />
				<Option type="1" />
				<Option compiler="gcc" />
				<Compiler>
					<Add option="-O2" />
				</Compiler>
				<Linker>
					<Add option="-s" />
				</Linker>
			</Target>
		</Build>
		<Compiler>
			<Add option="-Wall" />
			<Add option="-fexceptions" />
		</Compiler>
		<Unit filename="Input.cpp" />
		<Unit filename="Input.h" />
		<Unit filename="InputButton.cpp" />
		<Unit filename="InputButton.h" />
		<Unit filename="InputCheckBox.cpp" />
		<Unit filename="InputCheckBox.h" />
		<Unit filename="InputRadioButton.cpp" />
		<Unit filename="InputRadioButton.h" />
		<Unit filename="InputText.cpp" />
		<Unit filename="InputText.h" />
		<Unit filename="OptionItem.cpp" />
		<Unit filename="OptionItem.h" />
		<Unit filename="RadioButtonList.cpp" />
		<Unit filename="RadioButtonList.h" />
		<Unit filename="Select.cpp" />
		<Unit filename="Select.h" />
		<Unit filename="main.cpp" />
		<Extensions>
			<code_completion />
			<debugger />
		</Extensions>
	</Project>
</CodeBlocks_project_file>
